
Microsoft Visual Studio Solution File, Format Version 12.00
# Visual Studio 2012
Project("{FAE04EC0-301F-11D3-BF4B-00C04F79EFBC}") = "CrawlerNet", "CrawlerNet\CrawlerNet.csproj", "{F2526528-1688-441C-8E07-D9BF3F92FF82}"
EndProject
Project("{FAE04EC0-301F-11D3-BF4B-00C04F79EFBC}") = "ConsoleCrawler", "ConsoleCrawler\ConsoleCrawler.csproj", "{A57DBBF7-7C85-442C-B2D4-EABEB3DF69DD}"
EndProject
Global
	GlobalSection(SolutionConfigurationPlatforms) = preSolution
		Debug|Any CPU = Debug|Any CPU
		Release|Any CPU = Release|Any CPU
	EndGlobalSection
	GlobalSection(ProjectConfigurationPlatforms) = postSolution
		{F2526528-1688-441C-8E07-D9BF3F92FF82}.Debug|Any CPU.ActiveCfg = Debug|Any CPU
		{F2526528-1688-441C-8E07-D9BF3F92FF82}.Debug|Any CPU.Build.0 = Debug|Any CPU
		{F2526528-1688-441C-8E07-D9BF3F92FF82}.Release|Any CPU.ActiveCfg = Release|Any CPU
		{F2526528-1688-441C-8E07-D9BF3F92FF82}.Release|Any CPU.Build.0 = Release|Any CPU
		{A57DBBF7-7C85-442C-B2D4-EABEB3DF69DD}.Debug|Any CPU.ActiveCfg = Debug|Any CPU
		{A57DBBF7-7C85-442C-B2D4-EABEB3DF69DD}.Debug|Any CPU.Build.0 = Debug|Any CPU
		{A57DBBF7-7C85-442C-B2D4-EABEB3DF69DD}.Release|Any CPU.ActiveCfg = Release|Any CPU
		{A57DBBF7-7C85-442C-B2D4-EABEB3DF69DD}.Release|Any CPU.Build.0 = Release|Any CPU
	EndGlobalSection
	GlobalSection(SolutionProperties) = preSolution
		HideSolutionNode = FALSE
	EndGlobalSection
EndGlobal
